
Microsoft Visual Studio Solution File, Format Version 12.00
# Visual Studio 14
VisualStudioVersion = 14.0.25420.1
MinimumVisualStudioVersion = 10.0.40219.1
Project("{151D2E53-A2C4-4D7D-83FE-D05416EBD58E}") = "Resource.Group", "Resource.Group\Resource.Group.deployproj", "{BED6E130-93CE-45E6-99C1-3AB19E17ED5B}"
EndProject
Project("{FAE04EC0-301F-11D3-BF4B-00C04F79EFBC}") = "Integration.Account", "Integration.Account\Integration.Account.btproj", "{6966BBB9-4593-4C88-9AE8-55BD4E280F45}"
EndProject
Project("{FAE04EC0-301F-11D3-BF4B-00C04F79EFBC}") = "Logic.App.Connectors.BlobConnector", "Logic.App.Connectors.BlobConnector\Logic.App.Connectors.BlobConnector.csproj", "{57BF841E-7162-4E0D-9EF4-966F9346244D}"
EndProject
Global
	GlobalSection(SolutionConfigurationPlatforms) = preSolution
		Debug|Any CPU = Debug|Any CPU
		Release|Any CPU = Release|Any CPU
	EndGlobalSection
	GlobalSection(ProjectConfigurationPlatforms) = postSolution
		{BED6E130-93CE-45E6-99C1-3AB19E17ED5B}.Debug|Any CPU.ActiveCfg = Release|Any CPU
		{BED6E130-93CE-45E6-99C1-3AB19E17ED5B}.Debug|Any CPU.Build.0 = Release|Any CPU
		{BED6E130-93CE-45E6-99C1-3AB19E17ED5B}.Release|Any CPU.ActiveCfg = Release|Any CPU
		{BED6E130-93CE-45E6-99C1-3AB19E17ED5B}.Release|Any CPU.Build.0 = Release|Any CPU
		{6966BBB9-4593-4C88-9AE8-55BD4E280F45}.Debug|Any CPU.ActiveCfg = Release|Any CPU
		{6966BBB9-4593-4C88-9AE8-55BD4E280F45}.Release|Any CPU.ActiveCfg = Release|Any CPU
		{57BF841E-7162-4E0D-9EF4-966F9346244D}.Debug|Any CPU.ActiveCfg = Debug|Any CPU
		{57BF841E-7162-4E0D-9EF4-966F9346244D}.Debug|Any CPU.Build.0 = Debug|Any CPU
		{57BF841E-7162-4E0D-9EF4-966F9346244D}.Release|Any CPU.ActiveCfg = Release|Any CPU
		{57BF841E-7162-4E0D-9EF4-966F9346244D}.Release|Any CPU.Build.0 = Release|Any CPU
	EndGlobalSection
	GlobalSection(SolutionProperties) = preSolution
		HideSolutionNode = FALSE
	EndGlobalSection
EndGlobal
